
Microsoft Visual Studio Solution File, Format Version 12.00
# Visual Studio Version 17
VisualStudioVersion = 17.8.34408.163
MinimumVisualStudioVersion = 10.0.40219.1
Project("{FAE04EC0-301F-11D3-BF4B-00C04F79EFBC}") = "PalatePilot.Server", "PalatePilot.Server\PalatePilot.Server.csproj", "{502DF581-2EC4-4E8D-B0DF-3D3E66ED0923}"
EndProject
Project("{54A90642-561A-4BB1-A94E-469ADEE60C69}") = "palatepilot.client", "palatepilot.client\palatepilot.client.esproj", "{F9E1F286-373B-4E37-A2F2-AC6F8164C0B5}"
EndProject
Project("{2150E333-8FDC-42A3-9474-1A3956D46DE8}") = "Apps", "Apps", "{B2A1392A-5AFB-4EED-97DD-FE0C074D4462}"
EndProject
Global
	GlobalSection(SolutionConfigurationPlatforms) = preSolution
		Debug|Any CPU = Debug|Any CPU
		Release|Any CPU = Release|Any CPU
	EndGlobalSection
	GlobalSection(ProjectConfigurationPlatforms) = postSolution
		{502DF581-2EC4-4E8D-B0DF-3D3E66ED0923}.Debug|Any CPU.ActiveCfg = Debug|Any CPU
		{502DF581-2EC4-4E8D-B0DF-3D3E66ED0923}.Debug|Any CPU.Build.0 = Debug|Any CPU
		{502DF581-2EC4-4E8D-B0DF-3D3E66ED0923}.Release|Any CPU.ActiveCfg = Release|Any CPU
		{502DF581-2EC4-4E8D-B0DF-3D3E66ED0923}.Release|Any CPU.Build.0 = Release|Any CPU
		{F9E1F286-373B-4E37-A2F2-AC6F8164C0B5}.Debug|Any CPU.ActiveCfg = Debug|Any CPU
		{F9E1F286-373B-4E37-A2F2-AC6F8164C0B5}.Debug|Any CPU.Build.0 = Debug|Any CPU
		{F9E1F286-373B-4E37-A2F2-AC6F8164C0B5}.Debug|Any CPU.Deploy.0 = Debug|Any CPU
		{F9E1F286-373B-4E37-A2F2-AC6F8164C0B5}.Release|Any CPU.ActiveCfg = Release|Any CPU
		{F9E1F286-373B-4E37-A2F2-AC6F8164C0B5}.Release|Any CPU.Build.0 = Release|Any CPU
		{F9E1F286-373B-4E37-A2F2-AC6F8164C0B5}.Release|Any CPU.Deploy.0 = Release|Any CPU
	EndGlobalSection
	GlobalSection(SolutionProperties) = preSolution
		HideSolutionNode = FALSE
	EndGlobalSection
	GlobalSection(NestedProjects) = preSolution
		{502DF581-2EC4-4E8D-B0DF-3D3E66ED0923} = {B2A1392A-5AFB-4EED-97DD-FE0C074D4462}
		{F9E1F286-373B-4E37-A2F2-AC6F8164C0B5} = {B2A1392A-5AFB-4EED-97DD-FE0C074D4462}
	EndGlobalSection
	GlobalSection(ExtensibilityGlobals) = postSolution
		SolutionGuid = {202FA88F-7117-4F76-B974-022A97E0233A}
	EndGlobalSection
EndGlobal
